
Microsoft Visual Studio Solution File, Format Version 12.00
# Visual Studio 15
VisualStudioVersion = 15.0.26124.0
MinimumVisualStudioVersion = 15.0.26124.0
Project("{FAE04EC0-301F-11D3-BF4B-00C04F79EFBC}") = "R5T.D0004.Construction", "R5T.D0004.Construction\R5T.D0004.Construction.csproj", "{6ED32600-CE16-4D9B-9792-79CB89ABB09E}"
EndProject
Project("{FAE04EC0-301F-11D3-BF4B-00C04F79EFBC}") = "R5T.D0004", "R5T.D0004\R5T.D0004.csproj", "{6B061D9A-36BC-46F4-8D42-4419D0CE7BF8}"
EndProject
Global
	GlobalSection(SolutionConfigurationPlatforms) = preSolution
		Debug|Any CPU = Debug|Any CPU
		Debug|x64 = Debug|x64
		Debug|x86 = Debug|x86
		Release|Any CPU = Release|Any CPU
		Release|x64 = Release|x64
		Release|x86 = Release|x86
	EndGlobalSection
	GlobalSection(SolutionProperties) = preSolution
		HideSolutionNode = FALSE
	EndGlobalSection
	GlobalSection(ProjectConfigurationPlatforms) = postSolution
		{6ED32600-CE16-4D9B-9792-79CB89ABB09E}.Debug|Any CPU.ActiveCfg = Debug|Any CPU
		{6ED32600-CE16-4D9B-9792-79CB89ABB09E}.Debug|Any CPU.Build.0 = Debug|Any CPU
		{6ED32600-CE16-4D9B-9792-79CB89ABB09E}.Debug|x64.ActiveCfg = Debug|Any CPU
		{6ED32600-CE16-4D9B-9792-79CB89ABB09E}.Debug|x64.Build.0 = Debug|Any CPU
		{6ED32600-CE16-4D9B-9792-79CB89ABB09E}.Debug|x86.ActiveCfg = Debug|Any CPU
		{6ED32600-CE16-4D9B-9792-79CB89ABB09E}.Debug|x86.Build.0 = Debug|Any CPU
		{6ED32600-CE16-4D9B-9792-79CB89ABB09E}.Release|Any CPU.ActiveCfg = Release|Any CPU
		{6ED32600-CE16-4D9B-9792-79CB89ABB09E}.Release|Any CPU.Build.0 = Release|Any CPU
		{6ED32600-CE16-4D9B-9792-79CB89ABB09E}.Release|x64.ActiveCfg = Release|Any CPU
		{6ED32600-CE16-4D9B-9792-79CB89ABB09E}.Release|x64.Build.0 = Release|Any CPU
		{6ED32600-CE16-4D9B-9792-79CB89ABB09E}.Release|x86.ActiveCfg = Release|Any CPU
		{6ED32600-CE16-4D9B-9792-79CB89ABB09E}.Release|x86.Build.0 = Release|Any CPU
		{6B061D9A-36BC-46F4-8D42-4419D0CE7BF8}.Debug|Any CPU.ActiveCfg = Debug|Any CPU
		{6B061D9A-36BC-46F4-8D42-4419D0CE7BF8}.Debug|Any CPU.Build.0 = Debug|Any CPU
		{6B061D9A-36BC-46F4-8D42-4419D0CE7BF8}.Debug|x64.ActiveCfg = Debug|Any CPU
		{6B061D9A-36BC-46F4-8D42-4419D0CE7BF8}.Debug|x64.Build.0 = Debug|Any CPU
		{6B061D9A-36BC-46F4-8D42-4419D0CE7BF8}.Debug|x86.ActiveCfg = Debug|Any CPU
		{6B061D9A-36BC-46F4-8D42-4419D0CE7BF8}.Debug|x86.Build.0 = Debug|Any CPU
		{6B061D9A-36BC-46F4-8D42-4419D0CE7BF8}.Release|Any CPU.ActiveCfg = Release|Any CPU
		{6B061D9A-36BC-46F4-8D42-4419D0CE7BF8}.Release|Any CPU.Build.0 = Release|Any CPU
		{6B061D9A-36BC-46F4-8D42-4419D0CE7BF8}.Release|x64.ActiveCfg = Release|Any CPU
		{6B061D9A-36BC-46F4-8D42-4419D0CE7BF8}.Release|x64.Build.0 = Release|Any CPU
		{6B061D9A-36BC-46F4-8D42-4419D0CE7BF8}.Release|x86.ActiveCfg = Release|Any CPU
		{6B061D9A-36BC-46F4-8D42-4419D0CE7BF8}.Release|x86.Build.0 = Release|Any CPU
	EndGlobalSection
EndGlobal
